
Microsoft Visual Studio Solution File, Format Version 12.00
# Visual Studio Version 17
VisualStudioVersion = 17.5.002.0
MinimumVisualStudioVersion = 10.0.40219.1
Project("{9A19103F-16F7-4668-BE54-9A1E7A4F7556}") = "Zadahi 4", "Zadahi 4.csproj", "{BE761A9C-60D0-43BE-BFCD-5F66580D7A7E}"
EndProject
Global
	GlobalSection(SolutionConfigurationPlatforms) = preSolution
		Debug|Any CPU = Debug|Any CPU
		Release|Any CPU = Release|Any CPU
	EndGlobalSection
	GlobalSection(ProjectConfigurationPlatforms) = postSolution
		{BE761A9C-60D0-43BE-BFCD-5F66580D7A7E}.Debug|Any CPU.ActiveCfg = Debug|Any CPU
		{BE761A9C-60D0-43BE-BFCD-5F66580D7A7E}.Debug|Any CPU.Build.0 = Debug|Any CPU
		{BE761A9C-60D0-43BE-BFCD-5F66580D7A7E}.Release|Any CPU.ActiveCfg = Release|Any CPU
		{BE761A9C-60D0-43BE-BFCD-5F66580D7A7E}.Release|Any CPU.Build.0 = Release|Any CPU
	EndGlobalSection
	GlobalSection(SolutionProperties) = preSolution
		HideSolutionNode = FALSE
	EndGlobalSection
	GlobalSection(ExtensibilityGlobals) = postSolution
		SolutionGuid = {FF81115E-EC4B-4F73-907F-501FABEDFAC1}
	EndGlobalSection
EndGlobal
